
Microsoft Visual Studio Solution File, Format Version 12.00
# Visual Studio Version 17
VisualStudioVersion = 17.7.34202.233
MinimumVisualStudioVersion = 10.0.40219.1
Project("{888888A0-9F3D-457C-B088-3A5042F75D52}") = "词汇练习-Python版", "词汇练习-Python版\词汇练习-Python版.pyproj", "{643FFC27-2C7A-4B62-9B7C-41513759560B}"
EndProject
Global
	GlobalSection(SolutionConfigurationPlatforms) = preSolution
		Debug|Any CPU = Debug|Any CPU
		Release|Any CPU = Release|Any CPU
	EndGlobalSection
	GlobalSection(ProjectConfigurationPlatforms) = postSolution
		{643FFC27-2C7A-4B62-9B7C-41513759560B}.Debug|Any CPU.ActiveCfg = Debug|Any CPU
		{643FFC27-2C7A-4B62-9B7C-41513759560B}.Release|Any CPU.ActiveCfg = Release|Any CPU
	EndGlobalSection
	GlobalSection(SolutionProperties) = preSolution
		HideSolutionNode = FALSE
	EndGlobalSection
	GlobalSection(ExtensibilityGlobals) = postSolution
		SolutionGuid = {33FDCFF9-0300-4C02-881C-43373A040689}
	EndGlobalSection
EndGlobal
